PODS:
  - LetterAvatarKit (1.1.2)
  - PINCache (3.0.1-beta.5):
    - PINCache/Arc-exception-safe (= 3.0.1-beta.5)
    - PINCache/Core (= 3.0.1-beta.5)
  - PINCache/Arc-exception-safe (3.0.1-beta.5):
    - PINCache/Core
  - PINCache/Core (3.0.1-beta.5):
    - PINOperation (= 1.0.3)
  - PINOperation (1.0.3)
  - PINRemoteImage/Core (3.0.0-beta.12):
    - PINOperation
  - PINRemoteImage/iOS (3.0.0-beta.12):
    - PINRemoteImage/Core
  - PINRemoteImage/PINCache (3.0.0-beta.12):
    - PINCache (= 3.0.1-beta.5)
    - PINRemoteImage/Core
  - Texture (2.5.1):
    - Texture/PINRemoteImage (= 2.5.1)
  - Texture/Core (2.5.1)
  - Texture/PINRemoteImage (2.5.1):
    - PINRemoteImage/iOS (= 3.0.0-beta.12)
    - PINRemoteImage/PINCache
    - Texture/Core
  - Toaster (2.1.1)
  - UIEmptyState (3.1.0)

DEPENDENCIES:
  - LetterAvatarKit
  - Texture
  - Toaster
  - UIEmptyState

SPEC CHECKSUMS:
  LetterAvatarKit: 50af51c201d935dd868c7e53db5b7b0ef57297cf
  PINCache: 98e7b1ef782824ad231ade51987c218b758c30d8
  PINOperation: ac23db44796d4a564ecf9b5ea7163510f579b71d
  PINRemoteImage: 0cefe720c2612960bd360710efbd6c73a1991d5f
  Texture: c3f06e344aa091667b7a56002e525cde674d021a
  Toaster: a6c9532de1ded8105e77376f7dffeb2e12b46dbb
  UIEmptyState: 9b501dc90933ce2743949ecbf18c20ffb33a2be9

PODFILE CHECKSUM: 25eae776dca5fba74d7cabfe77d74fefc71c4c6a

COCOAPODS: 1.3.1
